
Microsoft Visual Studio Solution File, Format Version 12.00
Project("{FAE04EC0-301F-11D3-BF4B-00C04F79EFBC}") = "MyGame", "MyGame\MyGame.csproj", "{1B3E082C-4061-49C6-BB1E-BB332ED6031F}"
EndProject
Project("{FAE04EC0-301F-11D3-BF4B-00C04F79EFBC}") = "MyGameTests", "MyGameTests\MyGameTests.csproj", "{006CDE9E-ADF6-4020-8C12-9A2C4F016BE2}"
EndProject
Global
	GlobalSection(SolutionConfigurationPlatforms) = preSolution
		Debug|Any CPU = Debug|Any CPU
		Release|Any CPU = Release|Any CPU
	EndGlobalSection
	GlobalSection(ProjectConfigurationPlatforms) = postSolution
		{1B3E082C-4061-49C6-BB1E-BB332ED6031F}.Debug|Any CPU.ActiveCfg = Debug|Any CPU
		{1B3E082C-4061-49C6-BB1E-BB332ED6031F}.Debug|Any CPU.Build.0 = Debug|Any CPU
		{1B3E082C-4061-49C6-BB1E-BB332ED6031F}.Release|Any CPU.ActiveCfg = Release|Any CPU
		{1B3E082C-4061-49C6-BB1E-BB332ED6031F}.Release|Any CPU.Build.0 = Release|Any CPU
		{006CDE9E-ADF6-4020-8C12-9A2C4F016BE2}.Debug|Any CPU.ActiveCfg = Debug|Any CPU
		{006CDE9E-ADF6-4020-8C12-9A2C4F016BE2}.Debug|Any CPU.Build.0 = Debug|Any CPU
		{006CDE9E-ADF6-4020-8C12-9A2C4F016BE2}.Release|Any CPU.ActiveCfg = Release|Any CPU
		{006CDE9E-ADF6-4020-8C12-9A2C4F016BE2}.Release|Any CPU.Build.0 = Release|Any CPU
	EndGlobalSection
EndGlobal
